{
  "requires": true,
  "lockfileVersion": 1,
  "dependencies": {
    "adler-32": {
      "version": "1.2.0",
      "resolved": "http://avon.c20g.com:4873/adler-32/-/adler-32-1.2.0.tgz",
      "integrity": "sha1-aj5r8KY5ALoVZSgIyxXGgT0aXyU=",
      "requires": {
        "exit-on-epipe": "1.0.1",
        "printj": "1.1.2"
      }
    },
    "axios": {
      "version": "0.18.0",
      "resolved": "http://avon.c20g.com:4873/axios/-/axios-0.18.0.tgz",
      "integrity": "sha1-MtU+SFHv3AoRmTts0AB4nXDAUQI=",
      "requires": {
        "follow-redirects": "1.4.1",
        "is-buffer": "1.1.6"
      }
    },
    "buffer-equal-constant-time": {
      "version": "1.0.1",
      "resolved": "http://avon.c20g.com:4873/buffer-equal-constant-time/-/buffer-equal-constant-time-1.0.1.tgz",
      "integrity": "sha1-+OcRMvf/5uAaXJaXpMbz5I1cyBk="
    },
    "cfb": {
      "version": "1.0.7",
      "resolved": "http://avon.c20g.com:4873/cfb/-/cfb-1.0.7.tgz",
      "integrity": "sha512-KjjZFR+a/e8RDdDTr4PwR0P/HIFRI3sxArFQttml0pFkhIO4TnvS/1+dqtGXPqe5/0MHp2IzjFx1JTzmohHT+w==",
      "requires": {
        "commander": "2.15.1",
        "printj": "1.1.2"
      }
    },
    "codepage": {
      "version": "1.13.0",
      "resolved": "http://avon.c20g.com:4873/codepage/-/codepage-1.13.0.tgz",
      "integrity": "sha1-WpplgwKOYkOCjIafFFdA1+17YsM=",
      "requires": {
        "commander": "2.14.1",
        "exit-on-epipe": "1.0.1"
      },
      "dependencies": {
        "commander": {
          "version": "2.14.1",
          "resolved": "http://avon.c20g.com:4873/commander/-/commander-2.14.1.tgz",
          "integrity": "sha512-+YR16o3rK53SmWHU3rEM3tPAh2rwb1yPcQX5irVn7mb0gXbwuCCrnkbV5+PBfETdfg1vui07nM6PCG1zndcjQw=="
        }
      }
    },
    "colors": {
      "version": "1.2.5",
      "resolved": "http://avon.c20g.com:4873/colors/-/colors-1.2.5.tgz",
      "integrity": "sha512-erNRLao/Y3Fv54qUa0LBB+//Uf3YwMUmdJinN20yMXm9zdKKqH9wt7R9IIVZ+K7ShzfpLV/Zg8+VyrBJYB4lpg=="
    },
    "commander": {
      "version": "2.15.1",
      "resolved": "http://avon.c20g.com:4873/commander/-/commander-2.15.1.tgz",
      "integrity": "sha512-VlfT9F3V0v+jr4yxPc5gg9s62/fIVWsd2Bk2iD435um1NlGMYdVCq+MjcXnhYq2icNOizHr1kK+5TI6H0Hy0ag=="
    },
    "crc-32": {
      "version": "1.2.0",
      "resolved": "http://avon.c20g.com:4873/crc-32/-/crc-32-1.2.0.tgz",
      "integrity": "sha512-1uBwHxF+Y/4yF5G48fwnKq6QsIXheor3ZLPT80yGBV1oEUwpPojlEhQbWKVw1VwcTQyMGHK1/XMmTjmlsmTTGA==",
      "requires": {
        "exit-on-epipe": "1.0.1",
        "printj": "1.1.2"
      }
    },
    "debug": {
      "version": "3.1.0",
      "resolved": "http://avon.c20g.com:4873/debug/-/debug-3.1.0.tgz",
      "integrity": "sha1-W7WgZyYotkFJVmuhaBnmFRjGcmE=",
      "requires": {
        "ms": "2.0.0"
      }
    },
    "ecdsa-sig-formatter": {
      "version": "1.0.10",
      "resolved": "http://avon.c20g.com:4873/ecdsa-sig-formatter/-/ecdsa-sig-formatter-1.0.10.tgz",
      "integrity": "sha1-HFlQAPBKiJffuFAAiSoPTDOvhsM=",
      "requires": {
        "safe-buffer": "5.1.2"
      }
    },
    "exit-on-epipe": {
      "version": "1.0.1",
      "resolved": "http://avon.c20g.com:4873/exit-on-epipe/-/exit-on-epipe-1.0.1.tgz",
      "integrity": "sha512-h2z5mrROTxce56S+pnvAV890uu7ls7f1kEvVGJbw1OlFH3/mlJ5bkXu0KRyW94v37zzHPiUd55iLn3DA7TjWpw=="
    },
    "extend": {
      "version": "3.0.1",
      "resolved": "http://avon.c20g.com:4873/extend/-/extend-3.0.1.tgz",
      "integrity": "sha1-p1Xqe8Gt/MWjHOfnYtuq3F5jZEQ="
    },
    "follow-redirects": {
      "version": "1.4.1",
      "resolved": "http://avon.c20g.com:4873/follow-redirects/-/follow-redirects-1.4.1.tgz",
      "integrity": "sha1-2BIPRRgZD1Wqxlu2/HuF/NZm1qo=",
      "requires": {
        "debug": "3.1.0"
      }
    },
    "frac": {
      "version": "1.1.2",
      "resolved": "http://avon.c20g.com:4873/frac/-/frac-1.1.2.tgz",
      "integrity": "sha512-w/XBfkibaTl3YDqASwfDUqkna4Z2p9cFSr1aHDt0WoMTECnRfBOv2WArlZILlqgWlmdIlALXGpM2AOhEk5W3IA=="
    },
    "gcp-metadata": {
      "version": "0.6.3",
      "resolved": "http://avon.c20g.com:4873/gcp-metadata/-/gcp-metadata-0.6.3.tgz",
      "integrity": "sha1-RVDAiFnFKLNwRZvXenGH6gvbxKs=",
      "requires": {
        "axios": "0.18.0",
        "extend": "3.0.1",
        "retry-axios": "0.3.2"
      }
    },
    "google-auth-library": {
      "version": "1.4.0",
      "resolved": "http://avon.c20g.com:4873/google-auth-library/-/google-auth-library-1.4.0.tgz",
      "integrity": "sha1-J9rjtqzq3MEVqZELTx7Se2ix6ws=",
      "requires": {
        "axios": "0.18.0",
        "gcp-metadata": "0.6.3",
        "gtoken": "2.3.0",
        "jws": "3.1.5",
        "lodash.isstring": "4.0.1",
        "lru-cache": "4.1.3",
        "retry-axios": "0.3.2"
      }
    },
    "google-p12-pem": {
      "version": "1.0.2",
      "resolved": "http://avon.c20g.com:4873/google-p12-pem/-/google-p12-pem-1.0.2.tgz",
      "integrity": "sha1-yKOENQQBIoOg2//HQwt8dT7NSwc=",
      "requires": {
        "node-forge": "0.7.5",
        "pify": "3.0.0"
      }
    },
    "googleapis": {
      "version": "27.0.0",
      "resolved": "http://avon.c20g.com:4873/googleapis/-/googleapis-27.0.0.tgz",
      "integrity": "sha1-whBjO0PnBHtl0z2kDEibbY+cArg=",
      "requires": {
        "google-auth-library": "1.4.0",
        "pify": "3.0.0",
        "qs": "6.5.2",
        "string-template": "1.0.0",
        "uuid": "3.2.1"
      }
    },
    "gtoken": {
      "version": "2.3.0",
      "resolved": "http://avon.c20g.com:4873/gtoken/-/gtoken-2.3.0.tgz",
      "integrity": "sha1-Tg/8FkMtcEGhs9vB2XqsF6Xclko=",
      "requires": {
        "axios": "0.18.0",
        "google-p12-pem": "1.0.2",
        "jws": "3.1.5",
        "mime": "2.3.1",
        "pify": "3.0.0"
      }
    },
    "is-buffer": {
      "version": "1.1.6",
      "resolved": "http://avon.c20g.com:4873/is-buffer/-/is-buffer-1.1.6.tgz",
      "integrity": "sha1-76ouqdqg16suoTqXsritUf776L4="
    },
    "jwa": {
      "version": "1.1.6",
      "resolved": "http://avon.c20g.com:4873/jwa/-/jwa-1.1.6.tgz",
      "integrity": "sha1-hyQOdsmAjb3hh4PPImTvSSnuUOY=",
      "requires": {
        "buffer-equal-constant-time": "1.0.1",
        "ecdsa-sig-formatter": "1.0.10",
        "safe-buffer": "5.1.2"
      }
    },
    "jws": {
      "version": "3.1.5",
      "resolved": "http://avon.c20g.com:4873/jws/-/jws-3.1.5.tgz",
      "integrity": "sha1-gNEtBbKT0ehB58uLTmnlYa3Pg08=",
      "requires": {
        "jwa": "1.1.6",
        "safe-buffer": "5.1.2"
      }
    },
    "lodash.isstring": {
      "version": "4.0.1",
      "resolved": "http://avon.c20g.com:4873/lodash.isstring/-/lodash.isstring-4.0.1.tgz",
      "integrity": "sha1-1SfftUVuynzJu5XV2ur4i6VKVFE="
    },
    "lru-cache": {
      "version": "4.1.3",
      "resolved": "http://avon.c20g.com:4873/lru-cache/-/lru-cache-4.1.3.tgz",
      "integrity": "sha1-oRdc80lt/IQ2wVbDNLSVWZK85pw=",
      "requires": {
        "pseudomap": "1.0.2",
        "yallist": "2.1.2"
      }
    },
    "mime": {
      "version": "2.3.1",
      "resolved": "http://avon.c20g.com:4873/mime/-/mime-2.3.1.tgz",
      "integrity": "sha1-sWIcVNY7l8R9PP5/chX31kUXw2k="
    },
    "moment": {
      "version": "2.22.1",
      "resolved": "http://avon.c20g.com:4873/moment/-/moment-2.22.1.tgz",
      "integrity": "sha512-shJkRTSebXvsVqk56I+lkb2latjBs8I+pc2TzWc545y2iFnSjm7Wg0QMh+ZWcdSLQyGEau5jI8ocnmkyTgr9YQ=="
    },
    "moment-business-days": {
      "version": "1.0.6",
      "resolved": "http://avon.c20g.com:4873/moment-business-days/-/moment-business-days-1.0.6.tgz",
      "integrity": "sha512-VV0i0u37qcdZDI3UkIH22Zb5V5WdmxZX+o6Jee8PuyK4kjsHo/UB3wf6oexWDxI/kIrisO1eDqgqn9hrwZtQ1A=="
    },
    "ms": {
      "version": "2.0.0",
      "resolved": "http://avon.c20g.com:4873/ms/-/ms-2.0.0.tgz",
      "integrity": "sha1-VgiurfwAvmwpAd9fmGF4jeDVl8g="
    },
    "node-forge": {
      "version": "0.7.5",
      "resolved": "http://avon.c20g.com:4873/node-forge/-/node-forge-0.7.5.tgz",
      "integrity": "sha1-bBUsNFzhHFL0ZcKr2VfoY5zWdN8="
    },
    "pify": {
      "version": "3.0.0",
      "resolved": "http://avon.c20g.com:4873/pify/-/pify-3.0.0.tgz",
      "integrity": "sha1-5aSs0sEB/fPZpNB/DbxNtJ3SgXY="
    },
    "printj": {
      "version": "1.1.2",
      "resolved": "http://avon.c20g.com:4873/printj/-/printj-1.1.2.tgz",
      "integrity": "sha512-zA2SmoLaxZyArQTOPj5LXecR+RagfPSU5Kw1qP+jkWeNlrq+eJZyY2oS68SU1Z/7/myXM4lo9716laOFAVStCQ=="
    },
    "pseudomap": {
      "version": "1.0.2",
      "resolved": "http://hive.c20g.com:4873/pseudomap/-/pseudomap-1.0.2.tgz",
      "integrity": "sha1-8FKijacOYYkX7wqKw0wa5aaChrM="
    },
    "qs": {
      "version": "6.5.2",
      "resolved": "http://avon.c20g.com:4873/qs/-/qs-6.5.2.tgz",
      "integrity": "sha1-yzroBuh0BERYTvFUzo7pjUA/PjY="
    },
    "retry-axios": {
      "version": "0.3.2",
      "resolved": "http://avon.c20g.com:4873/retry-axios/-/retry-axios-0.3.2.tgz",
      "integrity": "sha1-V1fID1hbTMTEmGqi/9R6YMbTXhM="
    },
    "safe-buffer": {
      "version": "5.1.2",
      "resolved": "http://avon.c20g.com:4873/safe-buffer/-/safe-buffer-5.1.2.tgz",
      "integrity": "sha1-mR7GnSluAxN0fVm9/St0XDX4go0="
    },
    "ssf": {
      "version": "0.10.2",
      "resolved": "http://avon.c20g.com:4873/ssf/-/ssf-0.10.2.tgz",
      "integrity": "sha512-rDhAPm9WyIsY8eZEKyE8Qsotb3j/wBdvMWBUsOhJdfhKGLfQidRjiBUV0y/MkyCLiXQ38FG6LWW/VYUtqlIDZQ==",
      "requires": {
        "frac": "1.1.2"
      }
    },
    "string-template": {
      "version": "1.0.0",
      "resolved": "http://avon.c20g.com:4873/string-template/-/string-template-1.0.0.tgz",
      "integrity": "sha1-np8iM9wA8hhxjsN5oopWc+zKi5Y="
    },
    "underscore": {
      "version": "1.9.0",
      "resolved": "http://avon.c20g.com:4873/underscore/-/underscore-1.9.0.tgz",
      "integrity": "sha512-4IV1DSSxC1QK48j9ONFK1MoIAKKkbE8i7u55w2R6IqBqbT7A/iG7aZBCR2Bi8piF0Uz+i/MG1aeqLwl/5vqF+A=="
    },
    "uuid": {
      "version": "3.2.1",
      "resolved": "http://avon.c20g.com:4873/uuid/-/uuid-3.2.1.tgz",
      "integrity": "sha1-EsUou51Y0LkmXZovbw/ovhf/HxQ="
    },
    "xlsx": {
      "version": "0.12.12",
      "resolved": "http://avon.c20g.com:4873/xlsx/-/xlsx-0.12.12.tgz",
      "integrity": "sha1-LRdFnyyx5PG1ZMFwxWWhi6qSOdw=",
      "requires": {
        "adler-32": "1.2.0",
        "cfb": "1.0.7",
        "codepage": "1.13.0",
        "commander": "2.15.1",
        "crc-32": "1.2.0",
        "exit-on-epipe": "1.0.1",
        "ssf": "0.10.2"
      }
    },
    "yallist": {
      "version": "2.1.2",
      "resolved": "http://avon.c20g.com:4873/yallist/-/yallist-2.1.2.tgz",
      "integrity": "sha1-HBH5IY8HYImkfdUS+TxmmaaoHVI="
    }
  }
}
